
Microsoft Visual Studio Solution File, Format Version 12.00
# Visual Studio Version 16
VisualStudioVersion = 16.0.30621.155
MinimumVisualStudioVersion = 10.0.40219.1
Project("{FAE04EC0-301F-11D3-BF4B-00C04F79EFBC}") = "OddEven", "OddEven\OddEven.csproj", "{CC362315-27BE-45D5-A5B1-73AE3016AF3E}"
EndProject
Project("{FAE04EC0-301F-11D3-BF4B-00C04F79EFBC}") = "OddEven.Tests", "OddEven.Tests\OddEven.Tests.csproj", "{D504060F-0592-4248-8147-D911AF5ED0E3}"
EndProject
Global
	GlobalSection(SolutionConfigurationPlatforms) = preSolution
		Debug|Any CPU = Debug|Any CPU
		Release|Any CPU = Release|Any CPU
	EndGlobalSection
	GlobalSection(ProjectConfigurationPlatforms) = postSolution
		{CC362315-27BE-45D5-A5B1-73AE3016AF3E}.Debug|Any CPU.ActiveCfg = Debug|Any CPU
		{CC362315-27BE-45D5-A5B1-73AE3016AF3E}.Debug|Any CPU.Build.0 = Debug|Any CPU
		{CC362315-27BE-45D5-A5B1-73AE3016AF3E}.Release|Any CPU.ActiveCfg = Release|Any CPU
		{CC362315-27BE-45D5-A5B1-73AE3016AF3E}.Release|Any CPU.Build.0 = Release|Any CPU
		{D504060F-0592-4248-8147-D911AF5ED0E3}.Debug|Any CPU.ActiveCfg = Debug|Any CPU
		{D504060F-0592-4248-8147-D911AF5ED0E3}.Debug|Any CPU.Build.0 = Debug|Any CPU
		{D504060F-0592-4248-8147-D911AF5ED0E3}.Release|Any CPU.ActiveCfg = Release|Any CPU
		{D504060F-0592-4248-8147-D911AF5ED0E3}.Release|Any CPU.Build.0 = Release|Any CPU
	EndGlobalSection
	GlobalSection(SolutionProperties) = preSolution
		HideSolutionNode = FALSE
	EndGlobalSection
	GlobalSection(ExtensibilityGlobals) = postSolution
		SolutionGuid = {8A739C23-09D4-4ED7-B959-73D291DB09D5}
	EndGlobalSection
EndGlobal
